
Microsoft Visual Studio Solution File, Format Version 12.00
# Visual Studio Version 16
VisualStudioVersion = 16.0.31205.134
MinimumVisualStudioVersion = 10.0.40219.1
Project("{9A19103F-16F7-4668-BE54-9A1E7A4F7556}") = "21-11-2021", "21-11-2021\21-11-2021.csproj", "{04C2E5DB-F178-491E-B19A-301E1D09FDD6}"
EndProject
Project("{FAE04EC0-301F-11D3-BF4B-00C04F79EFBC}") = "EmailSender", "EmailSender\EmailSender.csproj", "{6885716E-30F4-4068-B9DE-B41F1D1E8E67}"
EndProject
Global
	GlobalSection(SolutionConfigurationPlatforms) = preSolution
		Debug|Any CPU = Debug|Any CPU
		Release|Any CPU = Release|Any CPU
	EndGlobalSection
	GlobalSection(ProjectConfigurationPlatforms) = postSolution
		{04C2E5DB-F178-491E-B19A-301E1D09FDD6}.Debug|Any CPU.ActiveCfg = Debug|Any CPU
		{04C2E5DB-F178-491E-B19A-301E1D09FDD6}.Debug|Any CPU.Build.0 = Debug|Any CPU
		{04C2E5DB-F178-491E-B19A-301E1D09FDD6}.Release|Any CPU.ActiveCfg = Release|Any CPU
		{04C2E5DB-F178-491E-B19A-301E1D09FDD6}.Release|Any CPU.Build.0 = Release|Any CPU
		{6885716E-30F4-4068-B9DE-B41F1D1E8E67}.Debug|Any CPU.ActiveCfg = Debug|Any CPU
		{6885716E-30F4-4068-B9DE-B41F1D1E8E67}.Debug|Any CPU.Build.0 = Debug|Any CPU
		{6885716E-30F4-4068-B9DE-B41F1D1E8E67}.Release|Any CPU.ActiveCfg = Release|Any CPU
		{6885716E-30F4-4068-B9DE-B41F1D1E8E67}.Release|Any CPU.Build.0 = Release|Any CPU
	EndGlobalSection
	GlobalSection(SolutionProperties) = preSolution
		HideSolutionNode = FALSE
	EndGlobalSection
	GlobalSection(ExtensibilityGlobals) = postSolution
		SolutionGuid = {4981307D-AE0E-4DE9-A48E-5297F83B8187}
	EndGlobalSection
EndGlobal
